
Microsoft Visual Studio Solution File, Format Version 12.00
# Visual Studio 2015
Project("{FAE04EC0-301F-11D3-BF4B-00C04F79EFBC}") = "DatboiVsKim", "DatboiVsKim.csproj", "{881D29BB-9ADF-9087-540E-5330C054C5AB}"
EndProject
Global
	GlobalSection(SolutionConfigurationPlatforms) = preSolution
		Debug|Any CPU = Debug|Any CPU
		Release|Any CPU = Release|Any CPU
	EndGlobalSection
	GlobalSection(ProjectConfigurationPlatforms) = postSolution
		{881D29BB-9ADF-9087-540E-5330C054C5AB}.Debug|Any CPU.ActiveCfg = Debug|Any CPU
		{881D29BB-9ADF-9087-540E-5330C054C5AB}.Debug|Any CPU.Build.0 = Debug|Any CPU
		{881D29BB-9ADF-9087-540E-5330C054C5AB}.Release|Any CPU.ActiveCfg = Release|Any CPU
		{881D29BB-9ADF-9087-540E-5330C054C5AB}.Release|Any CPU.Build.0 = Release|Any CPU
	EndGlobalSection
	GlobalSection(SolutionProperties) = preSolution
		HideSolutionNode = FALSE
	EndGlobalSection
EndGlobal
